
Microsoft Visual Studio Solution File, Format Version 12.00
# Visual Studio 15
VisualStudioVersion = 15.0.26430.14
MinimumVisualStudioVersion = 10.0.40219.1
Project("{FAE04EC0-301F-11D3-BF4B-00C04F79EFBC}") = "Djambi.UI", "Djambi3.UI\Djambi.UI.csproj", "{30BB8762-FF40-4770-9FA3-D038F117D7A9}"
EndProject
Project("{9A19103F-16F7-4668-BE54-9A1E7A4F7556}") = "Djambi.Model", "Djambi.Model\Djambi.Model.csproj", "{F66C24A5-D814-462F-95F0-4DBA96F05C35}"
EndProject
Project("{9A19103F-16F7-4668-BE54-9A1E7A4F7556}") = "Djambi.Engine", "Djambi.Engine\Djambi.Engine.csproj", "{801B54BA-1351-44D1-A07E-AAA2ABA35494}"
EndProject
Project("{FAE04EC0-301F-11D3-BF4B-00C04F79EFBC}") = "Djambi.Tests", "Djambi.Tests\Djambi.Tests.csproj", "{8EDF4429-251A-416D-BB68-93F227191BCF}"
EndProject
Project("{2150E333-8FDC-42A3-9474-1A3956D46DE8}") = "Tests", "Tests", "{AF32928A-A51B-4375-9BD6-2CADE99C6946}"
EndProject
Project("{2150E333-8FDC-42A3-9474-1A3956D46DE8}") = "Solution Items", "Solution Items", "{E8D8C004-E316-4F0B-90B9-15FDDB4E9919}"
	ProjectSection(SolutionItems) = preProject
		readme.md = readme.md
		todo.md = todo.md
	EndProjectSection
EndProject
Global
	GlobalSection(SolutionConfigurationPlatforms) = preSolution
		Debug|Any CPU = Debug|Any CPU
		Release|Any CPU = Release|Any CPU
	EndGlobalSection
	GlobalSection(ProjectConfigurationPlatforms) = postSolution
		{30BB8762-FF40-4770-9FA3-D038F117D7A9}.Debug|Any CPU.ActiveCfg = Debug|Any CPU
		{30BB8762-FF40-4770-9FA3-D038F117D7A9}.Debug|Any CPU.Build.0 = Debug|Any CPU
		{30BB8762-FF40-4770-9FA3-D038F117D7A9}.Release|Any CPU.ActiveCfg = Release|Any CPU
		{30BB8762-FF40-4770-9FA3-D038F117D7A9}.Release|Any CPU.Build.0 = Release|Any CPU
		{F66C24A5-D814-462F-95F0-4DBA96F05C35}.Debug|Any CPU.ActiveCfg = Debug|Any CPU
		{F66C24A5-D814-462F-95F0-4DBA96F05C35}.Debug|Any CPU.Build.0 = Debug|Any CPU
		{F66C24A5-D814-462F-95F0-4DBA96F05C35}.Release|Any CPU.ActiveCfg = Release|Any CPU
		{F66C24A5-D814-462F-95F0-4DBA96F05C35}.Release|Any CPU.Build.0 = Release|Any CPU
		{801B54BA-1351-44D1-A07E-AAA2ABA35494}.Debug|Any CPU.ActiveCfg = Debug|Any CPU
		{801B54BA-1351-44D1-A07E-AAA2ABA35494}.Debug|Any CPU.Build.0 = Debug|Any CPU
		{801B54BA-1351-44D1-A07E-AAA2ABA35494}.Release|Any CPU.ActiveCfg = Release|Any CPU
		{801B54BA-1351-44D1-A07E-AAA2ABA35494}.Release|Any CPU.Build.0 = Release|Any CPU
		{8EDF4429-251A-416D-BB68-93F227191BCF}.Debug|Any CPU.ActiveCfg = Debug|Any CPU
		{8EDF4429-251A-416D-BB68-93F227191BCF}.Debug|Any CPU.Build.0 = Debug|Any CPU
		{8EDF4429-251A-416D-BB68-93F227191BCF}.Release|Any CPU.ActiveCfg = Release|Any CPU
		{8EDF4429-251A-416D-BB68-93F227191BCF}.Release|Any CPU.Build.0 = Release|Any CPU
	EndGlobalSection
	GlobalSection(SolutionProperties) = preSolution
		HideSolutionNode = FALSE
	EndGlobalSection
	GlobalSection(NestedProjects) = preSolution
		{8EDF4429-251A-416D-BB68-93F227191BCF} = {AF32928A-A51B-4375-9BD6-2CADE99C6946}
	EndGlobalSection
EndGlobal
