
Microsoft Visual Studio Solution File, Format Version 12.00
# Visual Studio 15
VisualStudioVersion = 15.0.27703.2042
MinimumVisualStudioVersion = 10.0.40219.1
Project("{6EC3EE1D-3C4E-46DD-8F32-0CC8E7565705}") = "db-reset", "utils\db-reset\db-reset.fsproj", "{0B3DE3BC-4AFF-4F24-B86A-AC902F0F70F1}"
EndProject
Project("{6EC3EE1D-3C4E-46DD-8F32-0CC8E7565705}") = "api.host", "api\api.host\api.host.fsproj", "{3664C02D-2B0E-4C1B-AE20-CCDEC13105F8}"
EndProject
Project("{2150E333-8FDC-42A3-9474-1A3956D46DE8}") = "2 - API", "2 - API", "{2FAF11B4-A2BA-48CF-8E4D-766CB7B26A3A}"
	ProjectSection(SolutionItems) = preProject
		api\Readme.md = api\Readme.md
	EndProjectSection
EndProject
Project("{2150E333-8FDC-42A3-9474-1A3956D46DE8}") = "4 - Utils", "4 - Utils", "{12EE890F-7CFC-4DA3-A880-F94AF30F5F34}"
EndProject
Project("{6EC3EE1D-3C4E-46DD-8F32-0CC8E7565705}") = "environment", "utils\environment\environment.fsproj", "{89FD8898-FDD6-4BFE-8049-7AA6305D145A}"
EndProject
Project("{6EC3EE1D-3C4E-46DD-8F32-0CC8E7565705}") = "api.db", "api\api.db\api.db.fsproj", "{4426AAB4-A812-44AE-B0EB-D33E74AFFFA6}"
EndProject
Project("{6EC3EE1D-3C4E-46DD-8F32-0CC8E7565705}") = "api.common", "api\api.common\api.common.fsproj", "{4A3444EA-56B6-469F-B9F2-4B3090BE5DE8}"
EndProject
Project("{6EC3EE1D-3C4E-46DD-8F32-0CC8E7565705}") = "api.model", "api\api.model\api.model.fsproj", "{E265C601-7350-49E2-AE16-24C00E9DD8C1}"
EndProject
Project("{6EC3EE1D-3C4E-46DD-8F32-0CC8E7565705}") = "api.logic", "api\api.logic\api.logic.fsproj", "{FDE6242E-F281-4AC7-B492-067F48D62901}"
EndProject
Project("{6EC3EE1D-3C4E-46DD-8F32-0CC8E7565705}") = "api.web", "api\api.web\api.web.fsproj", "{65271D46-3A49-4CB6-9AA8-61F4509AFC98}"
EndProject
Project("{2150E333-8FDC-42A3-9474-1A3956D46DE8}") = "4 - Tests", "4 - Tests", "{1A1C3DF9-1667-4BA8-88E9-B6A731A25300}"
EndProject
Project("{6EC3EE1D-3C4E-46DD-8F32-0CC8E7565705}") = "api.contractTests", "api\tests\api.contractTests\api.contractTests.fsproj", "{2EE3FC63-FB01-4D61-A21C-C6BC10EBC6E1}"
EndProject
Project("{6EC3EE1D-3C4E-46DD-8F32-0CC8E7565705}") = "api.unitTests", "api\tests\api.unitTests\api.unitTests.fsproj", "{4B12AF84-7BA7-4E12-9BF2-137FFB87C6C8}"
EndProject
Project("{6EC3EE1D-3C4E-46DD-8F32-0CC8E7565705}") = "api.integrationTests", "api\tests\api.integrationTests\api.integrationTests.fsproj", "{955D3C4D-6DD5-4C38-80B0-58E3781E7D21}"
EndProject
Project("{6EC3EE1D-3C4E-46DD-8F32-0CC8E7565705}") = "api.webClient", "api\tests\api.webClient\api.webClient.fsproj", "{89DE769C-74A3-4988-A5CD-363FA91430A1}"
EndProject
Project("{6EC3EE1D-3C4E-46DD-8F32-0CC8E7565705}") = "client-generator", "utils\client-generator\client-generator.fsproj", "{99226CA6-C2A2-47F7-8ED7-DE34189AF634}"
EndProject
Project("{6EC3EE1D-3C4E-46DD-8F32-0CC8E7565705}") = "client-generator.annotations", "utils\client-generator.annotations\client-generator.annotations.fsproj", "{FBF36546-A313-4771-97CD-CC4CE3768C1A}"
EndProject
Project("{6EC3EE1D-3C4E-46DD-8F32-0CC8E7565705}") = "api.web.interfaces", "api\api.web.interfaces\api.web.interfaces.fsproj", "{E5C63A96-C3CB-4771-97AD-FCCA5EF2B252}"
EndProject
Project("{6EC3EE1D-3C4E-46DD-8F32-0CC8E7565705}") = "api.logic.interfaces", "api\api.logic.interfaces\api.logic.interfaces.fsproj", "{065F3E33-525E-41E5-9924-375F74F0C007}"
EndProject
Project("{6EC3EE1D-3C4E-46DD-8F32-0CC8E7565705}") = "api.db.interfaces", "api\api.db.interfaces\api.db.interfaces.fsproj", "{C4D54419-5950-4AF0-B5DF-AB401F4C50CF}"
EndProject
Project("{2150E333-8FDC-42A3-9474-1A3956D46DE8}") = "1 - Infrastructure", "1 - Infrastructure", "{60BF0ACB-4896-4838-B265-10CEE86BA5EA}"
EndProject
Project("{2150E333-8FDC-42A3-9474-1A3956D46DE8}") = "2 - Interfaces", "2 - Interfaces", "{6272A985-016B-4035-8304-CBB07ACA04A9}"
EndProject
Project("{2150E333-8FDC-42A3-9474-1A3956D46DE8}") = "3 - Implementation", "3 - Implementation", "{9EA50670-52CF-43D3-9C40-AF89DD529320}"
EndProject
Project("{E24C65DC-7377-472B-9ABA-BC803B73C61A}") = "db", "db\", "{AC29525A-1B27-4843-B4CB-2B2C8586A6A3}"
	ProjectSection(WebsiteProperties) = preProject
		TargetFrameworkMoniker = ".NETFramework,Version%3Dv4.0"
		Debug.AspNetCompiler.VirtualPath = "/localhost_62803"
		Debug.AspNetCompiler.PhysicalPath = "db\"
		Debug.AspNetCompiler.TargetPath = "PrecompiledWeb\localhost_62803\"
		Debug.AspNetCompiler.Updateable = "false"
		Debug.AspNetCompiler.ForceOverwrite = "true"
		Debug.AspNetCompiler.FixedNames = "false"
		Debug.AspNetCompiler.Debug = "True"
		Release.AspNetCompiler.VirtualPath = "/localhost_62803"
		Release.AspNetCompiler.PhysicalPath = "db\"
		Release.AspNetCompiler.TargetPath = "PrecompiledWeb\localhost_62803\"
		Release.AspNetCompiler.Updateable = "false"
		Release.AspNetCompiler.ForceOverwrite = "true"
		Release.AspNetCompiler.FixedNames = "false"
		Release.AspNetCompiler.Debug = "False"
		VWDPort = "62803"
		SlnRelativePath = "db\"
	EndProjectSection
EndProject
Project("{E24C65DC-7377-472B-9ABA-BC803B73C61A}") = "web", "web\", "{F7277859-040A-4D14-8868-E90B916BE872}"
	ProjectSection(WebsiteProperties) = preProject
		TargetFrameworkMoniker = ".NETFramework,Version%3Dv4.0"
		Debug.AspNetCompiler.VirtualPath = "/localhost_63567"
		Debug.AspNetCompiler.PhysicalPath = "web\"
		Debug.AspNetCompiler.TargetPath = "PrecompiledWeb\localhost_63567\"
		Debug.AspNetCompiler.Updateable = "false"
		Debug.AspNetCompiler.ForceOverwrite = "true"
		Debug.AspNetCompiler.FixedNames = "false"
		Debug.AspNetCompiler.Debug = "True"
		Release.AspNetCompiler.VirtualPath = "/localhost_63567"
		Release.AspNetCompiler.PhysicalPath = "web\"
		Release.AspNetCompiler.TargetPath = "PrecompiledWeb\localhost_63567\"
		Release.AspNetCompiler.Updateable = "false"
		Release.AspNetCompiler.ForceOverwrite = "true"
		Release.AspNetCompiler.FixedNames = "false"
		Release.AspNetCompiler.Debug = "False"
		VWDPort = "63567"
		SlnRelativePath = "web\"
	EndProjectSection
EndProject
Project("{2150E333-8FDC-42A3-9474-1A3956D46DE8}") = "0 - Solution Items", "0 - Solution Items", "{DA75773D-0313-4002-9587-4D640C91C0D3}"
	ProjectSection(SolutionItems) = preProject
		.gitattributes = .gitattributes
		.gitignore = .gitignore
		build.cake = build.cake
		build.ps1 = build.ps1
		build.sh = build.sh
		environment.json = environment.json
		readme.md = readme.md
		RedGate.ssc = RedGate.ssc
	EndProjectSection
EndProject
Project("{2150E333-8FDC-42A3-9474-1A3956D46DE8}") = "1 - DB", "1 - DB", "{238AA0D8-A4F9-4353-BE13-181CFD386432}"
EndProject
Project("{2150E333-8FDC-42A3-9474-1A3956D46DE8}") = "3 - Web", "3 - Web", "{22874065-26EA-453F-B27A-77A663F29DFC}"
EndProject
Project("{2150E333-8FDC-42A3-9474-1A3956D46DE8}") = "5 - Docs", "5 - Docs", "{53908BDB-B427-4C47-8D75-6E67967258C3}"
EndProject
Project("{E24C65DC-7377-472B-9ABA-BC803B73C61A}") = "docs", "docs\", "{A200C944-6210-4A2D-B200-1FA8B9A9E5CB}"
	ProjectSection(WebsiteProperties) = preProject
		TargetFrameworkMoniker = ".NETFramework,Version%3Dv4.0"
		Debug.AspNetCompiler.VirtualPath = "/localhost_63907"
		Debug.AspNetCompiler.PhysicalPath = "docs\"
		Debug.AspNetCompiler.TargetPath = "PrecompiledWeb\localhost_63907\"
		Debug.AspNetCompiler.Updateable = "false"
		Debug.AspNetCompiler.ForceOverwrite = "true"
		Debug.AspNetCompiler.FixedNames = "false"
		Debug.AspNetCompiler.Debug = "True"
		Release.AspNetCompiler.VirtualPath = "/localhost_63907"
		Release.AspNetCompiler.PhysicalPath = "docs\"
		Release.AspNetCompiler.TargetPath = "PrecompiledWeb\localhost_63907\"
		Release.AspNetCompiler.Updateable = "false"
		Release.AspNetCompiler.ForceOverwrite = "true"
		Release.AspNetCompiler.FixedNames = "false"
		Release.AspNetCompiler.Debug = "False"
		VWDPort = "63907"
	EndProjectSection
EndProject
Global
	GlobalSection(SolutionConfigurationPlatforms) = preSolution
		Debug|Any CPU = Debug|Any CPU
		Release|Any CPU = Release|Any CPU
	EndGlobalSection
	GlobalSection(ProjectConfigurationPlatforms) = postSolution
		{0B3DE3BC-4AFF-4F24-B86A-AC902F0F70F1}.Debug|Any CPU.ActiveCfg = Debug|Any CPU
		{0B3DE3BC-4AFF-4F24-B86A-AC902F0F70F1}.Debug|Any CPU.Build.0 = Debug|Any CPU
		{0B3DE3BC-4AFF-4F24-B86A-AC902F0F70F1}.Release|Any CPU.ActiveCfg = Release|Any CPU
		{0B3DE3BC-4AFF-4F24-B86A-AC902F0F70F1}.Release|Any CPU.Build.0 = Release|Any CPU
		{3664C02D-2B0E-4C1B-AE20-CCDEC13105F8}.Debug|Any CPU.ActiveCfg = Debug|Any CPU
		{3664C02D-2B0E-4C1B-AE20-CCDEC13105F8}.Debug|Any CPU.Build.0 = Debug|Any CPU
		{3664C02D-2B0E-4C1B-AE20-CCDEC13105F8}.Release|Any CPU.ActiveCfg = Release|Any CPU
		{3664C02D-2B0E-4C1B-AE20-CCDEC13105F8}.Release|Any CPU.Build.0 = Release|Any CPU
		{89FD8898-FDD6-4BFE-8049-7AA6305D145A}.Debug|Any CPU.ActiveCfg = Debug|Any CPU
		{89FD8898-FDD6-4BFE-8049-7AA6305D145A}.Debug|Any CPU.Build.0 = Debug|Any CPU
		{89FD8898-FDD6-4BFE-8049-7AA6305D145A}.Release|Any CPU.ActiveCfg = Release|Any CPU
		{89FD8898-FDD6-4BFE-8049-7AA6305D145A}.Release|Any CPU.Build.0 = Release|Any CPU
		{4426AAB4-A812-44AE-B0EB-D33E74AFFFA6}.Debug|Any CPU.ActiveCfg = Debug|Any CPU
		{4426AAB4-A812-44AE-B0EB-D33E74AFFFA6}.Debug|Any CPU.Build.0 = Debug|Any CPU
		{4426AAB4-A812-44AE-B0EB-D33E74AFFFA6}.Release|Any CPU.ActiveCfg = Release|Any CPU
		{4426AAB4-A812-44AE-B0EB-D33E74AFFFA6}.Release|Any CPU.Build.0 = Release|Any CPU
		{4A3444EA-56B6-469F-B9F2-4B3090BE5DE8}.Debug|Any CPU.ActiveCfg = Debug|Any CPU
		{4A3444EA-56B6-469F-B9F2-4B3090BE5DE8}.Debug|Any CPU.Build.0 = Debug|Any CPU
		{4A3444EA-56B6-469F-B9F2-4B3090BE5DE8}.Release|Any CPU.ActiveCfg = Release|Any CPU
		{4A3444EA-56B6-469F-B9F2-4B3090BE5DE8}.Release|Any CPU.Build.0 = Release|Any CPU
		{E265C601-7350-49E2-AE16-24C00E9DD8C1}.Debug|Any CPU.ActiveCfg = Debug|Any CPU
		{E265C601-7350-49E2-AE16-24C00E9DD8C1}.Debug|Any CPU.Build.0 = Debug|Any CPU
		{E265C601-7350-49E2-AE16-24C00E9DD8C1}.Release|Any CPU.ActiveCfg = Release|Any CPU
		{E265C601-7350-49E2-AE16-24C00E9DD8C1}.Release|Any CPU.Build.0 = Release|Any CPU
		{FDE6242E-F281-4AC7-B492-067F48D62901}.Debug|Any CPU.ActiveCfg = Debug|Any CPU
		{FDE6242E-F281-4AC7-B492-067F48D62901}.Debug|Any CPU.Build.0 = Debug|Any CPU
		{FDE6242E-F281-4AC7-B492-067F48D62901}.Release|Any CPU.ActiveCfg = Release|Any CPU
		{FDE6242E-F281-4AC7-B492-067F48D62901}.Release|Any CPU.Build.0 = Release|Any CPU
		{65271D46-3A49-4CB6-9AA8-61F4509AFC98}.Debug|Any CPU.ActiveCfg = Debug|Any CPU
		{65271D46-3A49-4CB6-9AA8-61F4509AFC98}.Debug|Any CPU.Build.0 = Debug|Any CPU
		{65271D46-3A49-4CB6-9AA8-61F4509AFC98}.Release|Any CPU.ActiveCfg = Release|Any CPU
		{65271D46-3A49-4CB6-9AA8-61F4509AFC98}.Release|Any CPU.Build.0 = Release|Any CPU
		{2EE3FC63-FB01-4D61-A21C-C6BC10EBC6E1}.Debug|Any CPU.ActiveCfg = Debug|Any CPU
		{2EE3FC63-FB01-4D61-A21C-C6BC10EBC6E1}.Debug|Any CPU.Build.0 = Debug|Any CPU
		{2EE3FC63-FB01-4D61-A21C-C6BC10EBC6E1}.Release|Any CPU.ActiveCfg = Release|Any CPU
		{2EE3FC63-FB01-4D61-A21C-C6BC10EBC6E1}.Release|Any CPU.Build.0 = Release|Any CPU
		{4B12AF84-7BA7-4E12-9BF2-137FFB87C6C8}.Debug|Any CPU.ActiveCfg = Debug|Any CPU
		{4B12AF84-7BA7-4E12-9BF2-137FFB87C6C8}.Debug|Any CPU.Build.0 = Debug|Any CPU
		{4B12AF84-7BA7-4E12-9BF2-137FFB87C6C8}.Release|Any CPU.ActiveCfg = Release|Any CPU
		{4B12AF84-7BA7-4E12-9BF2-137FFB87C6C8}.Release|Any CPU.Build.0 = Release|Any CPU
		{955D3C4D-6DD5-4C38-80B0-58E3781E7D21}.Debug|Any CPU.ActiveCfg = Debug|Any CPU
		{955D3C4D-6DD5-4C38-80B0-58E3781E7D21}.Debug|Any CPU.Build.0 = Debug|Any CPU
		{955D3C4D-6DD5-4C38-80B0-58E3781E7D21}.Release|Any CPU.ActiveCfg = Release|Any CPU
		{955D3C4D-6DD5-4C38-80B0-58E3781E7D21}.Release|Any CPU.Build.0 = Release|Any CPU
		{89DE769C-74A3-4988-A5CD-363FA91430A1}.Debug|Any CPU.ActiveCfg = Debug|Any CPU
		{89DE769C-74A3-4988-A5CD-363FA91430A1}.Debug|Any CPU.Build.0 = Debug|Any CPU
		{89DE769C-74A3-4988-A5CD-363FA91430A1}.Release|Any CPU.ActiveCfg = Release|Any CPU
		{89DE769C-74A3-4988-A5CD-363FA91430A1}.Release|Any CPU.Build.0 = Release|Any CPU
		{99226CA6-C2A2-47F7-8ED7-DE34189AF634}.Debug|Any CPU.ActiveCfg = Debug|Any CPU
		{99226CA6-C2A2-47F7-8ED7-DE34189AF634}.Debug|Any CPU.Build.0 = Debug|Any CPU
		{99226CA6-C2A2-47F7-8ED7-DE34189AF634}.Release|Any CPU.ActiveCfg = Release|Any CPU
		{99226CA6-C2A2-47F7-8ED7-DE34189AF634}.Release|Any CPU.Build.0 = Release|Any CPU
		{FBF36546-A313-4771-97CD-CC4CE3768C1A}.Debug|Any CPU.ActiveCfg = Debug|Any CPU
		{FBF36546-A313-4771-97CD-CC4CE3768C1A}.Debug|Any CPU.Build.0 = Debug|Any CPU
		{FBF36546-A313-4771-97CD-CC4CE3768C1A}.Release|Any CPU.ActiveCfg = Release|Any CPU
		{FBF36546-A313-4771-97CD-CC4CE3768C1A}.Release|Any CPU.Build.0 = Release|Any CPU
		{E5C63A96-C3CB-4771-97AD-FCCA5EF2B252}.Debug|Any CPU.ActiveCfg = Debug|Any CPU
		{E5C63A96-C3CB-4771-97AD-FCCA5EF2B252}.Debug|Any CPU.Build.0 = Debug|Any CPU
		{E5C63A96-C3CB-4771-97AD-FCCA5EF2B252}.Release|Any CPU.ActiveCfg = Release|Any CPU
		{E5C63A96-C3CB-4771-97AD-FCCA5EF2B252}.Release|Any CPU.Build.0 = Release|Any CPU
		{065F3E33-525E-41E5-9924-375F74F0C007}.Debug|Any CPU.ActiveCfg = Debug|Any CPU
		{065F3E33-525E-41E5-9924-375F74F0C007}.Debug|Any CPU.Build.0 = Debug|Any CPU
		{065F3E33-525E-41E5-9924-375F74F0C007}.Release|Any CPU.ActiveCfg = Release|Any CPU
		{065F3E33-525E-41E5-9924-375F74F0C007}.Release|Any CPU.Build.0 = Release|Any CPU
		{C4D54419-5950-4AF0-B5DF-AB401F4C50CF}.Debug|Any CPU.ActiveCfg = Debug|Any CPU
		{C4D54419-5950-4AF0-B5DF-AB401F4C50CF}.Debug|Any CPU.Build.0 = Debug|Any CPU
		{C4D54419-5950-4AF0-B5DF-AB401F4C50CF}.Release|Any CPU.ActiveCfg = Release|Any CPU
		{C4D54419-5950-4AF0-B5DF-AB401F4C50CF}.Release|Any CPU.Build.0 = Release|Any CPU
		{AC29525A-1B27-4843-B4CB-2B2C8586A6A3}.Debug|Any CPU.ActiveCfg = Debug|Any CPU
		{AC29525A-1B27-4843-B4CB-2B2C8586A6A3}.Debug|Any CPU.Build.0 = Debug|Any CPU
		{AC29525A-1B27-4843-B4CB-2B2C8586A6A3}.Release|Any CPU.ActiveCfg = Debug|Any CPU
		{AC29525A-1B27-4843-B4CB-2B2C8586A6A3}.Release|Any CPU.Build.0 = Debug|Any CPU
		{F7277859-040A-4D14-8868-E90B916BE872}.Debug|Any CPU.ActiveCfg = Debug|Any CPU
		{F7277859-040A-4D14-8868-E90B916BE872}.Debug|Any CPU.Build.0 = Debug|Any CPU
		{F7277859-040A-4D14-8868-E90B916BE872}.Release|Any CPU.ActiveCfg = Debug|Any CPU
		{F7277859-040A-4D14-8868-E90B916BE872}.Release|Any CPU.Build.0 = Debug|Any CPU
		{A200C944-6210-4A2D-B200-1FA8B9A9E5CB}.Debug|Any CPU.ActiveCfg = Debug|Any CPU
		{A200C944-6210-4A2D-B200-1FA8B9A9E5CB}.Debug|Any CPU.Build.0 = Debug|Any CPU
		{A200C944-6210-4A2D-B200-1FA8B9A9E5CB}.Release|Any CPU.ActiveCfg = Debug|Any CPU
		{A200C944-6210-4A2D-B200-1FA8B9A9E5CB}.Release|Any CPU.Build.0 = Debug|Any CPU
	EndGlobalSection
	GlobalSection(SolutionProperties) = preSolution
		HideSolutionNode = FALSE
	EndGlobalSection
	GlobalSection(NestedProjects) = preSolution
		{0B3DE3BC-4AFF-4F24-B86A-AC902F0F70F1} = {12EE890F-7CFC-4DA3-A880-F94AF30F5F34}
		{3664C02D-2B0E-4C1B-AE20-CCDEC13105F8} = {9EA50670-52CF-43D3-9C40-AF89DD529320}
		{89FD8898-FDD6-4BFE-8049-7AA6305D145A} = {12EE890F-7CFC-4DA3-A880-F94AF30F5F34}
		{4426AAB4-A812-44AE-B0EB-D33E74AFFFA6} = {9EA50670-52CF-43D3-9C40-AF89DD529320}
		{4A3444EA-56B6-469F-B9F2-4B3090BE5DE8} = {60BF0ACB-4896-4838-B265-10CEE86BA5EA}
		{E265C601-7350-49E2-AE16-24C00E9DD8C1} = {60BF0ACB-4896-4838-B265-10CEE86BA5EA}
		{FDE6242E-F281-4AC7-B492-067F48D62901} = {9EA50670-52CF-43D3-9C40-AF89DD529320}
		{65271D46-3A49-4CB6-9AA8-61F4509AFC98} = {9EA50670-52CF-43D3-9C40-AF89DD529320}
		{1A1C3DF9-1667-4BA8-88E9-B6A731A25300} = {2FAF11B4-A2BA-48CF-8E4D-766CB7B26A3A}
		{2EE3FC63-FB01-4D61-A21C-C6BC10EBC6E1} = {1A1C3DF9-1667-4BA8-88E9-B6A731A25300}
		{4B12AF84-7BA7-4E12-9BF2-137FFB87C6C8} = {1A1C3DF9-1667-4BA8-88E9-B6A731A25300}
		{955D3C4D-6DD5-4C38-80B0-58E3781E7D21} = {1A1C3DF9-1667-4BA8-88E9-B6A731A25300}
		{89DE769C-74A3-4988-A5CD-363FA91430A1} = {1A1C3DF9-1667-4BA8-88E9-B6A731A25300}
		{99226CA6-C2A2-47F7-8ED7-DE34189AF634} = {12EE890F-7CFC-4DA3-A880-F94AF30F5F34}
		{FBF36546-A313-4771-97CD-CC4CE3768C1A} = {12EE890F-7CFC-4DA3-A880-F94AF30F5F34}
		{E5C63A96-C3CB-4771-97AD-FCCA5EF2B252} = {6272A985-016B-4035-8304-CBB07ACA04A9}
		{065F3E33-525E-41E5-9924-375F74F0C007} = {6272A985-016B-4035-8304-CBB07ACA04A9}
		{C4D54419-5950-4AF0-B5DF-AB401F4C50CF} = {6272A985-016B-4035-8304-CBB07ACA04A9}
		{60BF0ACB-4896-4838-B265-10CEE86BA5EA} = {2FAF11B4-A2BA-48CF-8E4D-766CB7B26A3A}
		{6272A985-016B-4035-8304-CBB07ACA04A9} = {2FAF11B4-A2BA-48CF-8E4D-766CB7B26A3A}
		{9EA50670-52CF-43D3-9C40-AF89DD529320} = {2FAF11B4-A2BA-48CF-8E4D-766CB7B26A3A}
		{AC29525A-1B27-4843-B4CB-2B2C8586A6A3} = {238AA0D8-A4F9-4353-BE13-181CFD386432}
		{F7277859-040A-4D14-8868-E90B916BE872} = {22874065-26EA-453F-B27A-77A663F29DFC}
		{A200C944-6210-4A2D-B200-1FA8B9A9E5CB} = {53908BDB-B427-4C47-8D75-6E67967258C3}
	EndGlobalSection
	GlobalSection(ExtensibilityGlobals) = postSolution
		SolutionGuid = {5C5837E5-44E0-4D02-8AD3-DCFB9460E497}
	EndGlobalSection
EndGlobal
