
Microsoft Visual Studio Solution File, Format Version 12.00
# Visual Studio 15
VisualStudioVersion = 15.0.26430.14
MinimumVisualStudioVersion = 10.0.40219.1
Project("{FAE04EC0-301F-11D3-BF4B-00C04F79EFBC}") = "Djambi.Model", "Djambi.Model\Djambi.Model.csproj", "{65C86099-EF20-49BA-B37D-F856274D1CD3}"
EndProject
Project("{FAE04EC0-301F-11D3-BF4B-00C04F79EFBC}") = "Djambi.Engine", "Djambi.Engine\Djambi.Engine.csproj", "{88277F2C-E27E-4719-A7F9-7B9ACCE20036}"
EndProject
Project("{FAE04EC0-301F-11D3-BF4B-00C04F79EFBC}") = "Djambi.Tests", "Djambi.Tests\Djambi.Tests.csproj", "{8EDF4429-251A-416D-BB68-93F227191BCF}"
EndProject
Global
	GlobalSection(SolutionConfigurationPlatforms) = preSolution
		Debug|Any CPU = Debug|Any CPU
		Release|Any CPU = Release|Any CPU
	EndGlobalSection
	GlobalSection(ProjectConfigurationPlatforms) = postSolution
		{65C86099-EF20-49BA-B37D-F856274D1CD3}.Debug|Any CPU.ActiveCfg = Debug|Any CPU
		{65C86099-EF20-49BA-B37D-F856274D1CD3}.Debug|Any CPU.Build.0 = Debug|Any CPU
		{65C86099-EF20-49BA-B37D-F856274D1CD3}.Release|Any CPU.ActiveCfg = Release|Any CPU
		{65C86099-EF20-49BA-B37D-F856274D1CD3}.Release|Any CPU.Build.0 = Release|Any CPU
		{88277F2C-E27E-4719-A7F9-7B9ACCE20036}.Debug|Any CPU.ActiveCfg = Debug|Any CPU
		{88277F2C-E27E-4719-A7F9-7B9ACCE20036}.Debug|Any CPU.Build.0 = Debug|Any CPU
		{88277F2C-E27E-4719-A7F9-7B9ACCE20036}.Release|Any CPU.ActiveCfg = Release|Any CPU
		{88277F2C-E27E-4719-A7F9-7B9ACCE20036}.Release|Any CPU.Build.0 = Release|Any CPU
		{8EDF4429-251A-416D-BB68-93F227191BCF}.Debug|Any CPU.ActiveCfg = Debug|Any CPU
		{8EDF4429-251A-416D-BB68-93F227191BCF}.Debug|Any CPU.Build.0 = Debug|Any CPU
		{8EDF4429-251A-416D-BB68-93F227191BCF}.Release|Any CPU.ActiveCfg = Release|Any CPU
		{8EDF4429-251A-416D-BB68-93F227191BCF}.Release|Any CPU.Build.0 = Release|Any CPU
	EndGlobalSection
	GlobalSection(SolutionProperties) = preSolution
		HideSolutionNode = FALSE
	EndGlobalSection
EndGlobal
