
Microsoft Visual Studio Solution File, Format Version 12.00
# Visual Studio 15
VisualStudioVersion = 15.0.27703.2035
MinimumVisualStudioVersion = 10.0.40219.1
Project("{6EC3EE1D-3C4E-46DD-8F32-0CC8E7565705}") = "Djambi.Api", "src\Djambi.Api.fsproj", "{34F646A1-57BF-4678-A2F2-551C5A58363A}"
EndProject
Project("{6EC3EE1D-3C4E-46DD-8F32-0CC8E7565705}") = "Djambi.Tests", "Djambi.Tests\Djambi.Tests.fsproj", "{2E56D79F-0F2D-4477-B369-720F244E3E97}"
EndProject
Global
	GlobalSection(SolutionConfigurationPlatforms) = preSolution
		Debug|Any CPU = Debug|Any CPU
		Release|Any CPU = Release|Any CPU
	EndGlobalSection
	GlobalSection(ProjectConfigurationPlatforms) = postSolution
		{34F646A1-57BF-4678-A2F2-551C5A58363A}.Debug|Any CPU.ActiveCfg = Debug|Any CPU
		{34F646A1-57BF-4678-A2F2-551C5A58363A}.Debug|Any CPU.Build.0 = Debug|Any CPU
		{34F646A1-57BF-4678-A2F2-551C5A58363A}.Release|Any CPU.ActiveCfg = Release|Any CPU
		{34F646A1-57BF-4678-A2F2-551C5A58363A}.Release|Any CPU.Build.0 = Release|Any CPU
		{2E56D79F-0F2D-4477-B369-720F244E3E97}.Debug|Any CPU.ActiveCfg = Debug|Any CPU
		{2E56D79F-0F2D-4477-B369-720F244E3E97}.Debug|Any CPU.Build.0 = Debug|Any CPU
		{2E56D79F-0F2D-4477-B369-720F244E3E97}.Release|Any CPU.ActiveCfg = Release|Any CPU
		{2E56D79F-0F2D-4477-B369-720F244E3E97}.Release|Any CPU.Build.0 = Release|Any CPU
	EndGlobalSection
	GlobalSection(SolutionProperties) = preSolution
		HideSolutionNode = FALSE
	EndGlobalSection
	GlobalSection(ExtensibilityGlobals) = postSolution
		SolutionGuid = {F3400B0A-095A-47EA-9E71-E6821F432DC0}
	EndGlobalSection
EndGlobal
