{
  "requires": true,
  "lockfileVersion": 1,
  "dependencies": {
    "definitely-typed-jquery": {
      "version": "1.0.0",
      "resolved": "https://registry.npmjs.org/definitely-typed-jquery/-/definitely-typed-jquery-1.0.0.tgz",
      "integrity": "sha1-WiyGUoPFWS5w1G2HBu9SYhII3tI="
    },
    "jquery": {
      "version": "3.3.1",
      "resolved": "https://registry.npmjs.org/jquery/-/jquery-3.3.1.tgz",
      "integrity": "sha512-Ubldcmxp5np52/ENotGxlLe6aGMvmF4R8S6tZjsP6Knsaxd/xp3Zrh50cG93lR6nPXyUFwzN3ZSOQI0wRJNdGg=="
    }
  }
}
